<?xml version="1.0" encoding="utf-8"?>
<Project ToolsVersion="4.0" xmlns="http://schemas.microsoft.com/developer/msbuild/2003">
  <ItemGroup>
    <Filter Include="源文件">
      <UniqueIdentifier>{4FC737F1-C7A5-4376-A066-2A32D752A2FF}</UniqueIdentifier>
      <Extensions>cpp;c;cc;cxx;def;odl;idl;hpj;bat;asm;asmx</Extensions>
    </Filter>
    <Filter Include="头文件">
      <UniqueIdentifier>{93995380-89BD-4b04-88EB-625FBE52EBFB}</UniqueIdentifier>
      <Extensions>h;hpp;hxx;hm;inl;inc;xsd</Extensions>
    </Filter>
    <Filter Include="资源文件">
      <UniqueIdentifier>{67DA6AB6-F800-4c08-8B7A-83BB121AAD01}</UniqueIdentifier>
      <Extensions>rc;ico;cur;bmp;dlg;rc2;rct;bin;rgs;gif;jpg;jpeg;jpe;resx;tiff;tif;png;wav;mfcribbon-ms</Extensions>
    </Filter>
  </ItemGroup>
  <ItemGroup>
    <None Include="ReadMe.txt" />
    <None Include="res\bankControl.rc2">
      <Filter>资源文件</Filter>
    </None>
    <None Include="res\bankControl.ico">
      <Filter>资源文件</Filter>
    </None>
  </ItemGroup>
  <ItemGroup>
    <ClInclude Include="bankControl.h">
      <Filter>头文件</Filter>
    </ClInclude>
    <ClInclude Include="bankControlDlg.h">
      <Filter>头文件</Filter>
    </ClInclude>
    <ClInclude Include="stdafx.h">
      <Filter>头文件</Filter>
    </ClInclude>
    <ClInclude Include="targetver.h">
      <Filter>头文件</Filter>
    </ClInclude>
    <ClInclude Include="Resource.h">
      <Filter>头文件</Filter>
    </ClInclude>
    <ClInclude Include="bankUser.h">
      <Filter>头文件</Filter>
    </ClInclude>
    <ClInclude Include="TipLogID.h">
      <Filter>头文件</Filter>
    </ClInclude>
    <ClInclude Include="TipLogPassword.h">
      <Filter>头文件</Filter>
    </ClInclude>
    <ClInclude Include="HomePage.h">
      <Filter>头文件</Filter>
    </ClInclude>
    <ClInclude Include="RemoveMoneyDlg.h">
      <Filter>头文件</Filter>
    </ClInclude>
    <ClInclude Include="RemoveSuccessDlg.h">
      <Filter>头文件</Filter>
    </ClInclude>
    <ClInclude Include="RemoveFailDlg.h">
      <Filter>头文件</Filter>
    </ClInclude>
    <ClInclude Include="DepositDlg.h">
      <Filter>头文件</Filter>
    </ClInclude>
    <ClInclude Include="DepositSuccessDlg.h">
      <Filter>头文件</Filter>
    </ClInclude>
    <ClInclude Include="TransferDlg.h">
      <Filter>头文件</Filter>
    </ClInclude>
    <ClInclude Include="TransferSucceDlg.h">
      <Filter>头文件</Filter>
    </ClInclude>
    <ClInclude Include="TransferFailDlg.h">
      <Filter>头文件</Filter>
    </ClInclude>
    <ClInclude Include="ReviseDlg.h">
      <Filter>头文件</Filter>
    </ClInclude>
    <ClInclude Include="ReviseMostDlg.h">
      <Filter>头文件</Filter>
    </ClInclude>
    <ClInclude Include="ReviseSuccessDlg.h">
      <Filter>头文件</Filter>
    </ClInclude>
    <ClInclude Include="RevisePasswordDlg.h">
      <Filter>头文件</Filter>
    </ClInclude>
    <ClInclude Include="QueryDlg.h">
      <Filter>头文件</Filter>
    </ClInclude>
    <ClInclude Include="QuerySucessDlg.h">
      <Filter>头文件</Filter>
    </ClInclude>
    <ClInclude Include="DeleteDlg.h">
      <Filter>头文件</Filter>
    </ClInclude>
    <ClInclude Include="DeleteSuccessDlg.h">
      <Filter>头文件</Filter>
    </ClInclude>
    <ClInclude Include="OnlineDlg.h">
      <Filter>头文件</Filter>
    </ClInclude>
    <ClInclude Include="CreateSuccessDlg.h">
      <Filter>头文件</Filter>
    </ClInclude>
    <ClInclude Include="CreateDlg.h">
      <Filter>头文件</Filter>
    </ClInclude>
  </ItemGroup>
  <ItemGroup>
    <ClCompile Include="bankControl.cpp">
      <Filter>源文件</Filter>
    </ClCompile>
    <ClCompile Include="bankControlDlg.cpp">
      <Filter>源文件</Filter>
    </ClCompile>
    <ClCompile Include="stdafx.cpp">
      <Filter>源文件</Filter>
    </ClCompile>
    <ClCompile Include="bankUser.cpp">
      <Filter>源文件</Filter>
    </ClCompile>
    <ClCompile Include="TipLogID.cpp">
      <Filter>源文件</Filter>
    </ClCompile>
    <ClCompile Include="TipLogPassword.cpp">
      <Filter>源文件</Filter>
    </ClCompile>
    <ClCompile Include="HomePage.cpp">
      <Filter>源文件</Filter>
    </ClCompile>
    <ClCompile Include="RemoveMoneyDlg.cpp">
      <Filter>源文件</Filter>
    </ClCompile>
    <ClCompile Include="RemoveSuccessDlg.cpp">
      <Filter>源文件</Filter>
    </ClCompile>
    <ClCompile Include="RemoveFailDlg.cpp">
      <Filter>源文件</Filter>
    </ClCompile>
    <ClCompile Include="DepositDlg.cpp">
      <Filter>源文件</Filter>
    </ClCompile>
    <ClCompile Include="DepositSuccessDlg.cpp">
      <Filter>源文件</Filter>
    </ClCompile>
    <ClCompile Include="TransferDlg.cpp">
      <Filter>源文件</Filter>
    </ClCompile>
    <ClCompile Include="TransferSucceDlg.cpp">
      <Filter>源文件</Filter>
    </ClCompile>
    <ClCompile Include="TransferFailDlg.cpp">
      <Filter>源文件</Filter>
    </ClCompile>
    <ClCompile Include="ReviseDlg.cpp">
      <Filter>源文件</Filter>
    </ClCompile>
    <ClCompile Include="ReviseMostDlg.cpp">
      <Filter>源文件</Filter>
    </ClCompile>
    <ClCompile Include="ReviseSuccessDlg.cpp">
      <Filter>源文件</Filter>
    </ClCompile>
    <ClCompile Include="RevisePasswordDlg.cpp">
      <Filter>源文件</Filter>
    </ClCompile>
    <ClCompile Include="QueryDlg.cpp">
      <Filter>源文件</Filter>
    </ClCompile>
    <ClCompile Include="QuerySucessDlg.cpp">
      <Filter>源文件</Filter>
    </ClCompile>
    <ClCompile Include="DeleteDlg.cpp">
      <Filter>源文件</Filter>
    </ClCompile>
    <ClCompile Include="DeleteSuccessDlg.cpp">
      <Filter>源文件</Filter>
    </ClCompile>
    <ClCompile Include="OnlineDlg.cpp">
      <Filter>源文件</Filter>
    </ClCompile>
    <ClCompile Include="CreateSuccessDlg.cpp">
      <Filter>源文件</Filter>
    </ClCompile>
    <ClCompile Include="CreateDlg.cpp">
      <Filter>源文件</Filter>
    </ClCompile>
  </ItemGroup>
  <ItemGroup>
    <ResourceCompile Include="bankControl.rc">
      <Filter>资源文件</Filter>
    </ResourceCompile>
  </ItemGroup>
</Project>